
Microsoft Visual Studio Solution File, Format Version 12.00
# Visual Studio 15
VisualStudioVersion = 15.0.28307.489
MinimumVisualStudioVersion = 10.0.40219.1
Project("{FAE04EC0-301F-11D3-BF4B-00C04F79EFBC}") = "AddingSitesToBlackList", "AddingSitesToBlackList\AddingSitesToBlackList.csproj", "{89FB0877-8F8A-4247-AFD6-3F5448E499B6}"
EndProject
Project("{FAE04EC0-301F-11D3-BF4B-00C04F79EFBC}") = "AddSiteToBL", "AddSiteToBL\AddSiteToBL.csproj", "{15725937-8949-4513-A6DE-4C668AFD9D77}"
EndProject
Project("{FAE04EC0-301F-11D3-BF4B-00C04F79EFBC}") = "WebApplication1", "WebApplication1\WebApplication1.csproj", "{FD3E5034-FF38-4A45-91D4-776DCE398ACB}"
EndProject
Global
	GlobalSection(SolutionConfigurationPlatforms) = preSolution
		Debug|Any CPU = Debug|Any CPU
		Release|Any CPU = Release|Any CPU
	EndGlobalSection
	GlobalSection(ProjectConfigurationPlatforms) = postSolution
		{89FB0877-8F8A-4247-AFD6-3F5448E499B6}.Debug|Any CPU.ActiveCfg = Debug|Any CPU
		{89FB0877-8F8A-4247-AFD6-3F5448E499B6}.Debug|Any CPU.Build.0 = Debug|Any CPU
		{89FB0877-8F8A-4247-AFD6-3F5448E499B6}.Release|Any CPU.ActiveCfg = Release|Any CPU
		{89FB0877-8F8A-4247-AFD6-3F5448E499B6}.Release|Any CPU.Build.0 = Release|Any CPU
		{15725937-8949-4513-A6DE-4C668AFD9D77}.Debug|Any CPU.ActiveCfg = Debug|Any CPU
		{15725937-8949-4513-A6DE-4C668AFD9D77}.Debug|Any CPU.Build.0 = Debug|Any CPU
		{15725937-8949-4513-A6DE-4C668AFD9D77}.Release|Any CPU.ActiveCfg = Release|Any CPU
		{15725937-8949-4513-A6DE-4C668AFD9D77}.Release|Any CPU.Build.0 = Release|Any CPU
		{FD3E5034-FF38-4A45-91D4-776DCE398ACB}.Debug|Any CPU.ActiveCfg = Debug|Any CPU
		{FD3E5034-FF38-4A45-91D4-776DCE398ACB}.Debug|Any CPU.Build.0 = Debug|Any CPU
		{FD3E5034-FF38-4A45-91D4-776DCE398ACB}.Release|Any CPU.ActiveCfg = Release|Any CPU
		{FD3E5034-FF38-4A45-91D4-776DCE398ACB}.Release|Any CPU.Build.0 = Release|Any CPU
	EndGlobalSection
	GlobalSection(SolutionProperties) = preSolution
		HideSolutionNode = FALSE
	EndGlobalSection
	GlobalSection(ExtensibilityGlobals) = postSolution
		SolutionGuid = {1E9700B3-FD5C-4766-9B37-E3ABD1A64441}
	EndGlobalSection
EndGlobal
